// !$*UTF8*$!
{
	archiveVersion = 1;
	classes = {
	};
	objectVersion = 77;
	objects = {

        A30000000000000000000001 = {isa = PBXBuildFile; fileRef = A30000000000000000000011; };
        A30000000000000000000010 = {isa = PBXFileReference; explicitFileType = wrapper.cfbundle; includeInIndex = 0; path = DaliCameraUITests.xctest; sourceTree = BUILT_PRODUCTS_DIR; };
        A30000000000000000000011 = {isa = PBXFileReference; lastKnownFileType = sourcecode.swift; path = PhoneReadinessUITests.swift; sourceTree = "<group>"; };
        A30000000000000000000031 = {isa = PBXGroup; children = (A30000000000000000000011,); path = DaliCameraUITests; sourceTree = "<group>"; };
        A30000000000000000000020 = {isa = PBXFrameworksBuildPhase; buildActionMask = 2147483647; files = (); runOnlyForDeploymentPostprocessing = 0; };
        A30000000000000000000050 = {isa = PBXSourcesBuildPhase; buildActionMask = 2147483647; files = (A30000000000000000000001,); runOnlyForDeploymentPostprocessing = 0; };
        A30000000000000000000060 = {isa = PBXContainerItemProxy; containerPortal = A10000000000000000000060; proxyType = 1; remoteGlobalIDString = A10000000000000000000040; remoteInfo = DaliCamera; };
        A30000000000000000000061 = {isa = PBXTargetDependency; target = A10000000000000000000040; targetProxy = A30000000000000000000060; };
        A30000000000000000000040 = {
            isa = PBXNativeTarget;
            buildConfigurationList = A30000000000000000000080;
            buildPhases = (A30000000000000000000050, A30000000000000000000020,);
            buildRules = ();
            dependencies = (A30000000000000000000061,);
            name = DaliCameraUITests;
            productName = DaliCameraUITests;
            productReference = A30000000000000000000010;
            productType = "com.apple.product-type.bundle.ui-testing";
        };
        A30000000000000000000080 = {isa = XCConfigurationList; buildConfigurations = (A30000000000000000000081, A30000000000000000000082,); defaultConfigurationIsVisible = 0; defaultConfigurationName = Release; };
        A30000000000000000000081 = {
            isa = XCBuildConfiguration;
            buildSettings = {
                CODE_SIGN_STYLE = Automatic;
                GENERATE_INFOPLIST_FILE = YES;
                IPHONEOS_DEPLOYMENT_TARGET = 17.0;
                PRODUCT_BUNDLE_IDENTIFIER = com.dalifin.cameraUITests;
                PRODUCT_NAME = "$(TARGET_NAME)";
                SDKROOT = iphoneos;
                SUPPORTED_PLATFORMS = "iphoneos iphonesimulator";
                SWIFT_VERSION = 6.0;
                TARGETED_DEVICE_FAMILY = "1,2";
                TEST_TARGET_NAME = DaliCamera;
            };
            name = Debug;
        };
        A30000000000000000000082 = {
            isa = XCBuildConfiguration;
            buildSettings = {
                CODE_SIGN_STYLE = Automatic;
                GENERATE_INFOPLIST_FILE = YES;
                IPHONEOS_DEPLOYMENT_TARGET = 17.0;
                PRODUCT_BUNDLE_IDENTIFIER = com.dalifin.cameraUITests;
                PRODUCT_NAME = "$(TARGET_NAME)";
                SDKROOT = iphoneos;
                SUPPORTED_PLATFORMS = "iphoneos iphonesimulator";
                SWIFT_VERSION = 6.0;
                TARGETED_DEVICE_FAMILY = "1,2";
                TEST_TARGET_NAME = DaliCamera;
            };
            name = Release;
        };


/* Begin PBXBuildFile section */
		A10000000000000000000001 /* DaliCameraApp.swift in Sources */ = {isa = PBXBuildFile; fileRef = A10000000000000000000011 /* DaliCameraApp.swift */; };
		A10000000000000000000002 /* Models.swift in Sources */ = {isa = PBXBuildFile; fileRef = A10000000000000000000012 /* Models.swift */; };
		A10000000000000000000003 /* CoachingEngine.swift in Sources */ = {isa = PBXBuildFile; fileRef = A10000000000000000000013 /* CoachingEngine.swift */; };
		A10000000000000000000004 /* CameraModel.swift in Sources */ = {isa = PBXBuildFile; fileRef = A10000000000000000000014 /* CameraModel.swift */; };
		A10000000000000000000005 /* CameraPreview.swift in Sources */ = {isa = PBXBuildFile; fileRef = A10000000000000000000015 /* CameraPreview.swift */; };
		A10000000000000000000006 /* ContentView.swift in Sources */ = {isa = PBXBuildFile; fileRef = A10000000000000000000016 /* ContentView.swift */; };
		A10000000000000000000007 /* OverlayView.swift in Sources */ = {isa = PBXBuildFile; fileRef = A10000000000000000000017 /* OverlayView.swift */; };
		A10000000000000000000008 /* SessionLogger.swift in Sources */ = {isa = PBXBuildFile; fileRef = A10000000000000000000019 /* SessionLogger.swift */; };
		A10000000000000000000009 /* Assets.xcassets in Resources */ = {isa = PBXBuildFile; fileRef = A1000000000000000000001A /* Assets.xcassets */; };
		A1000000000000000000000A /* BeautifyEngine.swift in Sources */ = {isa = PBXBuildFile; fileRef = A1000000000000000000001B /* BeautifyEngine.swift */; };
		A1000000000000000000000B /* VoiceShutterController.swift in Sources */ = {isa = PBXBuildFile; fileRef = A1000000000000000000001C /* VoiceShutterController.swift */; };
		A1000000000000000000000C /* EnhanceEngine.swift in Sources */ = {isa = PBXBuildFile; fileRef = A1000000000000000000001D /* EnhanceEngine.swift */; };
		A1000000000000000000000D /* WatermarkRenderer.swift in Sources */ = {isa = PBXBuildFile; fileRef = A1000000000000000000001E /* WatermarkRenderer.swift */; };
		A20000000000000000000001 /* CoachingEngineTests.swift in Sources */ = {isa = PBXBuildFile; fileRef = A20000000000000000000011 /* CoachingEngineTests.swift */; };
		A20000000000000000000002 /* Models.swift in Sources */ = {isa = PBXBuildFile; fileRef = A10000000000000000000012 /* Models.swift */; };
		A20000000000000000000003 /* CoachingEngine.swift in Sources */ = {isa = PBXBuildFile; fileRef = A10000000000000000000013 /* CoachingEngine.swift */; };
		A20000000000000000000004 /* BeautifyEngine.swift in Sources */ = {isa = PBXBuildFile; fileRef = A1000000000000000000001B /* BeautifyEngine.swift */; };
		A20000000000000000000005 /* EnhanceEngine.swift in Sources */ = {isa = PBXBuildFile; fileRef = A1000000000000000000001D /* EnhanceEngine.swift */; };
		A20000000000000000000006 /* WatermarkRenderer.swift in Sources */ = {isa = PBXBuildFile; fileRef = A1000000000000000000001E /* WatermarkRenderer.swift */; };
/* End PBXBuildFile section */

/* Begin PBXFileReference section */
		A10000000000000000000010 /* DaliCamera.app */ = {isa = PBXFileReference; explicitFileType = wrapper.application; includeInIndex = 0; path = DaliCamera.app; sourceTree = BUILT_PRODUCTS_DIR; };
		A10000000000000000000011 /* DaliCameraApp.swift */ = {isa = PBXFileReference; lastKnownFileType = sourcecode.swift; path = DaliCameraApp.swift; sourceTree = "<group>"; };
		A10000000000000000000012 /* Models.swift */ = {isa = PBXFileReference; lastKnownFileType = sourcecode.swift; path = Models.swift; sourceTree = "<group>"; };
		A10000000000000000000013 /* CoachingEngine.swift */ = {isa = PBXFileReference; lastKnownFileType = sourcecode.swift; path = CoachingEngine.swift; sourceTree = "<group>"; };
		A10000000000000000000014 /* CameraModel.swift */ = {isa = PBXFileReference; lastKnownFileType = sourcecode.swift; path = CameraModel.swift; sourceTree = "<group>"; };
		A10000000000000000000015 /* CameraPreview.swift */ = {isa = PBXFileReference; lastKnownFileType = sourcecode.swift; path = CameraPreview.swift; sourceTree = "<group>"; };
		A10000000000000000000016 /* ContentView.swift */ = {isa = PBXFileReference; lastKnownFileType = sourcecode.swift; path = ContentView.swift; sourceTree = "<group>"; };
		A10000000000000000000017 /* OverlayView.swift */ = {isa = PBXFileReference; lastKnownFileType = sourcecode.swift; path = OverlayView.swift; sourceTree = "<group>"; };
		A10000000000000000000018 /* Info.plist */ = {isa = PBXFileReference; lastKnownFileType = text.plist.xml; path = Info.plist; sourceTree = "<group>"; };
		A10000000000000000000019 /* SessionLogger.swift */ = {isa = PBXFileReference; lastKnownFileType = sourcecode.swift; path = SessionLogger.swift; sourceTree = "<group>"; };
		A1000000000000000000001A /* Assets.xcassets */ = {isa = PBXFileReference; lastKnownFileType = folder.assetcatalog; path = Assets.xcassets; sourceTree = "<group>"; };
		A1000000000000000000001B /* BeautifyEngine.swift */ = {isa = PBXFileReference; lastKnownFileType = sourcecode.swift; path = BeautifyEngine.swift; sourceTree = "<group>"; };
		A1000000000000000000001C /* VoiceShutterController.swift */ = {isa = PBXFileReference; lastKnownFileType = sourcecode.swift; path = VoiceShutterController.swift; sourceTree = "<group>"; };
		A1000000000000000000001D /* EnhanceEngine.swift */ = {isa = PBXFileReference; lastKnownFileType = sourcecode.swift; path = EnhanceEngine.swift; sourceTree = "<group>"; };
		A1000000000000000000001E /* WatermarkRenderer.swift */ = {isa = PBXFileReference; lastKnownFileType = sourcecode.swift; path = WatermarkRenderer.swift; sourceTree = "<group>"; };
		A20000000000000000000010 /* DaliCameraTests.xctest */ = {isa = PBXFileReference; explicitFileType = wrapper.cfbundle; includeInIndex = 0; path = DaliCameraTests.xctest; sourceTree = BUILT_PRODUCTS_DIR; };
		A20000000000000000000011 /* CoachingEngineTests.swift */ = {isa = PBXFileReference; lastKnownFileType = sourcecode.swift; path = CoachingEngineTests.swift; sourceTree = "<group>"; };
/* End PBXFileReference section */

/* Begin PBXFileSystemSynchronizedRootGroup section */
/* End PBXFileSystemSynchronizedRootGroup section */

/* Begin PBXFrameworksBuildPhase section */
		A10000000000000000000020 /* Frameworks */ = {
			isa = PBXFrameworksBuildPhase;
			buildActionMask = 2147483647;
			files = (
			);
			runOnlyForDeploymentPostprocessing = 0;
		};
		A20000000000000000000020 /* Frameworks */ = {
			isa = PBXFrameworksBuildPhase;
			buildActionMask = 2147483647;
			files = (
			);
			runOnlyForDeploymentPostprocessing = 0;
		};
/* End PBXFrameworksBuildPhase section */

/* Begin PBXGroup section */
		A10000000000000000000030 = {
			isa = PBXGroup;
			children = (
				A10000000000000000000031 /* DaliCamera */,
				A20000000000000000000031 /* DaliCameraTests */,
                A30000000000000000000031,
				A10000000000000000000032 /* Products */,
			);
			sourceTree = "<group>";
		};
		A10000000000000000000031 /* DaliCamera */ = {
			isa = PBXGroup;
			children = (
				A10000000000000000000011 /* DaliCameraApp.swift */,
				A10000000000000000000016 /* ContentView.swift */,
				A10000000000000000000017 /* OverlayView.swift */,
				A10000000000000000000014 /* CameraModel.swift */,
				A10000000000000000000015 /* CameraPreview.swift */,
				A10000000000000000000013 /* CoachingEngine.swift */,
				A1000000000000000000001D /* EnhanceEngine.swift */,
				A1000000000000000000001E /* WatermarkRenderer.swift */,
				A1000000000000000000001B /* BeautifyEngine.swift */,
				A10000000000000000000019 /* SessionLogger.swift */,
				A1000000000000000000001C /* VoiceShutterController.swift */,
				A10000000000000000000012 /* Models.swift */,
				A1000000000000000000001A /* Assets.xcassets */,
				A10000000000000000000018 /* Info.plist */,
			);
			path = DaliCamera;
			sourceTree = "<group>";
		};
		A10000000000000000000032 /* Products */ = {
			isa = PBXGroup;
			children = (
				A10000000000000000000010 /* DaliCamera.app */,
				A20000000000000000000010 /* DaliCameraTests.xctest */,
                A30000000000000000000010,
			);
			name = Products;
			sourceTree = "<group>";
		};
		A20000000000000000000031 /* DaliCameraTests */ = {
			isa = PBXGroup;
			children = (
				A20000000000000000000011 /* CoachingEngineTests.swift */,
			);
			path = DaliCameraTests;
			sourceTree = "<group>";
		};
/* End PBXGroup section */

/* Begin PBXNativeTarget section */
		A10000000000000000000040 /* DaliCamera */ = {
			isa = PBXNativeTarget;
			buildConfigurationList = A10000000000000000000080 /* Build configuration list for PBXNativeTarget "DaliCamera" */;
			buildPhases = (
				A10000000000000000000050 /* Sources */,
				A10000000000000000000020 /* Frameworks */,
				A10000000000000000000051 /* Resources */,
			);
			buildRules = (
			);
			dependencies = (
			);
			name = DaliCamera;
			packageProductDependencies = (
			);
			productName = DaliCamera;
			productReference = A10000000000000000000010 /* DaliCamera.app */;
			productType = "com.apple.product-type.application";
		};
		A20000000000000000000040 /* DaliCameraTests */ = {
			isa = PBXNativeTarget;
			buildConfigurationList = A20000000000000000000080 /* Build configuration list for PBXNativeTarget "DaliCameraTests" */;
			buildPhases = (
				A20000000000000000000050 /* Sources */,
				A20000000000000000000020 /* Frameworks */,
				A20000000000000000000051 /* Resources */,
			);
			buildRules = (
			);
			dependencies = (
			);
			name = DaliCameraTests;
			packageProductDependencies = (
			);
			productName = DaliCameraTests;
			productReference = A20000000000000000000010 /* DaliCameraTests.xctest */;
			productType = "com.apple.product-type.bundle.unit-test";
		};
/* End PBXNativeTarget section */

/* Begin PBXProject section */
		A10000000000000000000060 /* Project object */ = {
			isa = PBXProject;
			attributes = {
				BuildIndependentTargetsInParallel = 1;
				LastSwiftUpdateCheck = 2660;
				LastUpgradeCheck = 2660;
				TargetAttributes = {
					A10000000000000000000040 = {
						CreatedOnToolsVersion = 26.6;
					};
				};
			};
			buildConfigurationList = A10000000000000000000070 /* Build configuration list for PBXProject "DaliCamera" */;
			developmentRegion = en;
			hasScannedForEncodings = 0;
			knownRegions = (
				en,
				Base,
			);
			mainGroup = A10000000000000000000030;
			minimizedProjectReferenceProxies = 1;
			preferredProjectObjectVersion = 77;
			productRefGroup = A10000000000000000000032 /* Products */;
			projectDirPath = "";
			projectRoot = "";
			targets = (
				A10000000000000000000040 /* DaliCamera */,
				A20000000000000000000040 /* DaliCameraTests */,
                A30000000000000000000040,
			);
		};
/* End PBXProject section */

/* Begin PBXResourcesBuildPhase section */
		A10000000000000000000051 /* Resources */ = {
			isa = PBXResourcesBuildPhase;
			buildActionMask = 2147483647;
			files = (
				A10000000000000000000009 /* Assets.xcassets in Resources */,
			);
			runOnlyForDeploymentPostprocessing = 0;
		};
		A20000000000000000000051 /* Resources */ = {
			isa = PBXResourcesBuildPhase;
			buildActionMask = 2147483647;
			files = (
			);
			runOnlyForDeploymentPostprocessing = 0;
		};
/* End PBXResourcesBuildPhase section */

/* Begin PBXSourcesBuildPhase section */
		A10000000000000000000050 /* Sources */ = {
			isa = PBXSourcesBuildPhase;
			buildActionMask = 2147483647;
			files = (
				A10000000000000000000001 /* DaliCameraApp.swift in Sources */,
				A10000000000000000000006 /* ContentView.swift in Sources */,
				A10000000000000000000007 /* OverlayView.swift in Sources */,
				A10000000000000000000004 /* CameraModel.swift in Sources */,
				A10000000000000000000005 /* CameraPreview.swift in Sources */,
				A10000000000000000000003 /* CoachingEngine.swift in Sources */,
				A1000000000000000000000C /* EnhanceEngine.swift in Sources */,
				A1000000000000000000000D /* WatermarkRenderer.swift in Sources */,
				A1000000000000000000000A /* BeautifyEngine.swift in Sources */,
				A10000000000000000000008 /* SessionLogger.swift in Sources */,
				A1000000000000000000000B /* VoiceShutterController.swift in Sources */,
				A10000000000000000000002 /* Models.swift in Sources */,
			);
			runOnlyForDeploymentPostprocessing = 0;
		};
		A20000000000000000000050 /* Sources */ = {
			isa = PBXSourcesBuildPhase;
			buildActionMask = 2147483647;
			files = (
				A20000000000000000000001 /* CoachingEngineTests.swift in Sources */,
				A20000000000000000000002 /* Models.swift in Sources */,
				A20000000000000000000003 /* CoachingEngine.swift in Sources */,
				A20000000000000000000004 /* BeautifyEngine.swift in Sources */,
				A20000000000000000000005 /* EnhanceEngine.swift in Sources */,
				A20000000000000000000006 /* WatermarkRenderer.swift in Sources */,
			);
			runOnlyForDeploymentPostprocessing = 0;
		};
/* End PBXSourcesBuildPhase section */

/* Begin XCBuildConfiguration section */
		A10000000000000000000071 /* Debug */ = {
			isa = XCBuildConfiguration;
			buildSettings = {
				ALWAYS_SEARCH_USER_PATHS = NO;
				CLANG_ANALYZER_NONNULL = YES;
				CLANG_ANALYZER_NUMBER_OBJECT_CONVERSION = YES_AGGRESSIVE;
				CLANG_CXX_LANGUAGE_STANDARD = "gnu++20";
				CLANG_ENABLE_MODULES = YES;
				CLANG_ENABLE_OBJC_ARC = YES;
				CLANG_ENABLE_OBJC_WEAK = YES;
				CLANG_WARN_BLOCK_CAPTURE_AUTORELEASING = YES;
				CLANG_WARN_BOOL_CONVERSION = YES;
				CLANG_WARN_COMMA = YES;
				CLANG_WARN_CONSTANT_CONVERSION = YES;
				CLANG_WARN_DEPRECATED_OBJC_IMPLEMENTATIONS = YES;
				CLANG_WARN_DIRECT_OBJC_ISA_USAGE = YES_ERROR;
				CLANG_WARN_DOCUMENTATION_COMMENTS = YES;
				CLANG_WARN_EMPTY_BODY = YES;
				CLANG_WARN_ENUM_CONVERSION = YES;
				CLANG_WARN_INFINITE_RECURSION = YES;
				CLANG_WARN_INT_CONVERSION = YES;
				CLANG_WARN_NON_LITERAL_NULL_CONVERSION = YES;
				CLANG_WARN_OBJC_IMPLICIT_RETAIN_SELF = YES;
				CLANG_WARN_OBJC_LITERAL_CONVERSION = YES;
				CLANG_WARN_OBJC_ROOT_CLASS = YES_ERROR;
				CLANG_WARN_QUOTED_INCLUDE_IN_FRAMEWORK_HEADER = YES;
				CLANG_WARN_RANGE_LOOP_ANALYSIS = YES;
				CLANG_WARN_STRICT_PROTOTYPES = YES;
				CLANG_WARN_SUSPICIOUS_MOVE = YES;
				CLANG_WARN_UNGUARDED_AVAILABILITY = YES_AGGRESSIVE;
				CLANG_WARN_UNREACHABLE_CODE = YES;
				CLANG_WARN__DUPLICATE_METHOD_MATCH = YES;
				COPY_PHASE_STRIP = NO;
				DEBUG_INFORMATION_FORMAT = dwarf;
				ENABLE_STRICT_OBJC_MSGSEND = YES;
				ENABLE_TESTABILITY = YES;
				ENABLE_USER_SCRIPT_SANDBOXING = YES;
				GCC_C_LANGUAGE_STANDARD = gnu17;
				GCC_DYNAMIC_NO_PIC = NO;
				GCC_NO_COMMON_BLOCKS = YES;
				GCC_OPTIMIZATION_LEVEL = 0;
				GCC_PREPROCESSOR_DEFINITIONS = (
					"DEBUG=1",
					"$(inherited)",
				);
				GCC_WARN_64_TO_32_BIT_CONVERSION = YES;
				GCC_WARN_ABOUT_RETURN_TYPE = YES_ERROR;
				GCC_WARN_UNDECLARED_SELECTOR = YES;
				GCC_WARN_UNINITIALIZED_AUTOS = YES_AGGRESSIVE;
				GCC_WARN_UNUSED_FUNCTION = YES;
				GCC_WARN_UNUSED_VARIABLE = YES;
				IPHONEOS_DEPLOYMENT_TARGET = 17.0;
				MTL_ENABLE_DEBUG_INFO = INCLUDE_SOURCE;
				MTL_FAST_MATH = YES;
				ONLY_ACTIVE_ARCH = YES;
				SDKROOT = iphoneos;
				SWIFT_ACTIVE_COMPILATION_CONDITIONS = DEBUG;
				SWIFT_OPTIMIZATION_LEVEL = "-Onone";
			};
			name = Debug;
		};
		A10000000000000000000072 /* Release */ = {
			isa = XCBuildConfiguration;
			buildSettings = {
				ALWAYS_SEARCH_USER_PATHS = NO;
				CLANG_ANALYZER_NONNULL = YES;
				CLANG_ANALYZER_NUMBER_OBJECT_CONVERSION = YES_AGGRESSIVE;
				CLANG_CXX_LANGUAGE_STANDARD = "gnu++20";
				CLANG_ENABLE_MODULES = YES;
				CLANG_ENABLE_OBJC_ARC = YES;
				CLANG_ENABLE_OBJC_WEAK = YES;
				CLANG_WARN_BLOCK_CAPTURE_AUTORELEASING = YES;
				CLANG_WARN_BOOL_CONVERSION = YES;
				CLANG_WARN_COMMA = YES;
				CLANG_WARN_CONSTANT_CONVERSION = YES;
				CLANG_WARN_DEPRECATED_OBJC_IMPLEMENTATIONS = YES;
				CLANG_WARN_DIRECT_OBJC_ISA_USAGE = YES_ERROR;
				CLANG_WARN_DOCUMENTATION_COMMENTS = YES;
				CLANG_WARN_EMPTY_BODY = YES;
				CLANG_WARN_ENUM_CONVERSION = YES;
				CLANG_WARN_INFINITE_RECURSION = YES;
				CLANG_WARN_INT_CONVERSION = YES;
				CLANG_WARN_NON_LITERAL_NULL_CONVERSION = YES;
				CLANG_WARN_OBJC_IMPLICIT_RETAIN_SELF = YES;
				CLANG_WARN_OBJC_LITERAL_CONVERSION = YES;
				CLANG_WARN_OBJC_ROOT_CLASS = YES_ERROR;
				CLANG_WARN_QUOTED_INCLUDE_IN_FRAMEWORK_HEADER = YES;
				CLANG_WARN_RANGE_LOOP_ANALYSIS = YES;
				CLANG_WARN_STRICT_PROTOTYPES = YES;
				CLANG_WARN_SUSPICIOUS_MOVE = YES;
				CLANG_WARN_UNGUARDED_AVAILABILITY = YES_AGGRESSIVE;
				CLANG_WARN_UNREACHABLE_CODE = YES;
				CLANG_WARN__DUPLICATE_METHOD_MATCH = YES;
				COPY_PHASE_STRIP = NO;
				DEBUG_INFORMATION_FORMAT = "dwarf-with-dsym";
				ENABLE_NS_ASSERTIONS = NO;
				ENABLE_STRICT_OBJC_MSGSEND = YES;
				ENABLE_USER_SCRIPT_SANDBOXING = YES;
				GCC_C_LANGUAGE_STANDARD = gnu17;
				GCC_NO_COMMON_BLOCKS = YES;
				GCC_WARN_64_TO_32_BIT_CONVERSION = YES;
				GCC_WARN_ABOUT_RETURN_TYPE = YES_ERROR;
				GCC_WARN_UNDECLARED_SELECTOR = YES;
				GCC_WARN_UNINITIALIZED_AUTOS = YES_AGGRESSIVE;
				GCC_WARN_UNUSED_FUNCTION = YES;
				GCC_WARN_UNUSED_VARIABLE = YES;
				IPHONEOS_DEPLOYMENT_TARGET = 17.0;
				MTL_ENABLE_DEBUG_INFO = NO;
				MTL_FAST_MATH = YES;
				SDKROOT = iphoneos;
				SWIFT_COMPILATION_MODE = wholemodule;
				SWIFT_OPTIMIZATION_LEVEL = "-O";
				VALIDATE_PRODUCT = YES;
			};
			name = Release;
		};
		A10000000000000000000081 /* Debug */ = {
			isa = XCBuildConfiguration;
			buildSettings = {
				ASSETCATALOG_COMPILER_GLOBAL_ACCENT_COLOR_NAME = AccentColor;
				ASSETCATALOG_COMPILER_APPICON_NAME = AppIcon;
				CODE_SIGN_STYLE = Automatic;
				CURRENT_PROJECT_VERSION = 1;
				DEVELOPMENT_TEAM = 33W2562W9S;
				DEVELOPMENT_ASSET_PATHS = "";
				GENERATE_INFOPLIST_FILE = NO;
				INFOPLIST_FILE = DaliCamera/Info.plist;
				INFOPLIST_KEY_UIApplicationSceneManifest_Generation = YES;
				INFOPLIST_KEY_UIApplicationSupportsIndirectInputEvents = YES;
				INFOPLIST_KEY_UILaunchScreen_Generation = YES;
				INFOPLIST_KEY_UISupportedInterfaceOrientations_iPad = "UIInterfaceOrientationPortrait UIInterfaceOrientationPortraitUpsideDown UIInterfaceOrientationLandscapeLeft UIInterfaceOrientationLandscapeRight";
				IPHONEOS_DEPLOYMENT_TARGET = 17.0;
				LD_RUNPATH_SEARCH_PATHS = (
					"$(inherited)",
					"@executable_path/Frameworks",
				);
				MARKETING_VERSION = 1.0;
				PRODUCT_BUNDLE_IDENTIFIER = com.dalifin.camera;
				PRODUCT_NAME = "$(TARGET_NAME)";
				SUPPORTED_PLATFORMS = "iphoneos iphonesimulator";
				SUPPORTS_MACCATALYST = NO;
				SUPPORTS_MAC_DESIGNED_FOR_IPHONE_IPAD = NO;
				SWIFT_EMIT_LOC_STRINGS = YES;
				SWIFT_VERSION = 6.0;
				TARGETED_DEVICE_FAMILY = "1,2";
			};
			name = Debug;
		};
		A10000000000000000000082 /* Release */ = {
			isa = XCBuildConfiguration;
			buildSettings = {
				ASSETCATALOG_COMPILER_GLOBAL_ACCENT_COLOR_NAME = AccentColor;
				ASSETCATALOG_COMPILER_APPICON_NAME = AppIcon;
				CODE_SIGN_STYLE = Automatic;
				CURRENT_PROJECT_VERSION = 1;
				DEVELOPMENT_TEAM = 33W2562W9S;
				DEVELOPMENT_ASSET_PATHS = "";
				GENERATE_INFOPLIST_FILE = NO;
				INFOPLIST_FILE = DaliCamera/Info.plist;
				INFOPLIST_KEY_UIApplicationSceneManifest_Generation = YES;
				INFOPLIST_KEY_UIApplicationSupportsIndirectInputEvents = YES;
				INFOPLIST_KEY_UILaunchScreen_Generation = YES;
				INFOPLIST_KEY_UISupportedInterfaceOrientations_iPad = "UIInterfaceOrientationPortrait UIInterfaceOrientationPortraitUpsideDown UIInterfaceOrientationLandscapeLeft UIInterfaceOrientationLandscapeRight";
				IPHONEOS_DEPLOYMENT_TARGET = 17.0;
				LD_RUNPATH_SEARCH_PATHS = (
					"$(inherited)",
					"@executable_path/Frameworks",
				);
				MARKETING_VERSION = 1.0;
				PRODUCT_BUNDLE_IDENTIFIER = com.dalifin.camera;
				PRODUCT_NAME = "$(TARGET_NAME)";
				SUPPORTED_PLATFORMS = "iphoneos iphonesimulator";
				SUPPORTS_MACCATALYST = NO;
				SUPPORTS_MAC_DESIGNED_FOR_IPHONE_IPAD = NO;
				SWIFT_EMIT_LOC_STRINGS = YES;
				SWIFT_VERSION = 6.0;
				TARGETED_DEVICE_FAMILY = "1,2";
			};
			name = Release;
		};
		A20000000000000000000081 /* Debug */ = {
			isa = XCBuildConfiguration;
			buildSettings = {
				ALWAYS_EMBED_SWIFT_STANDARD_LIBRARIES = YES;
				CODE_SIGN_STYLE = Automatic;
				CURRENT_PROJECT_VERSION = 1;
				DEVELOPMENT_TEAM = 33W2562W9S;
				GENERATE_INFOPLIST_FILE = YES;
				IPHONEOS_DEPLOYMENT_TARGET = 17.0;
				MARKETING_VERSION = 1.0;
				PRODUCT_BUNDLE_IDENTIFIER = com.dalifin.cameraTests;
				PRODUCT_NAME = "$(TARGET_NAME)";
				SUPPORTED_PLATFORMS = "iphoneos iphonesimulator";
				SUPPORTS_MACCATALYST = NO;
				SUPPORTS_MAC_DESIGNED_FOR_IPHONE_IPAD = NO;
				SWIFT_VERSION = 6.0;
				TARGETED_DEVICE_FAMILY = "1,2";
			};
			name = Debug;
		};
		A20000000000000000000082 /* Release */ = {
			isa = XCBuildConfiguration;
			buildSettings = {
				ALWAYS_EMBED_SWIFT_STANDARD_LIBRARIES = YES;
				CODE_SIGN_STYLE = Automatic;
				CURRENT_PROJECT_VERSION = 1;
				DEVELOPMENT_TEAM = 33W2562W9S;
				GENERATE_INFOPLIST_FILE = YES;
				IPHONEOS_DEPLOYMENT_TARGET = 17.0;
				MARKETING_VERSION = 1.0;
				PRODUCT_BUNDLE_IDENTIFIER = com.dalifin.cameraTests;
				PRODUCT_NAME = "$(TARGET_NAME)";
				SUPPORTED_PLATFORMS = "iphoneos iphonesimulator";
				SUPPORTS_MACCATALYST = NO;
				SUPPORTS_MAC_DESIGNED_FOR_IPHONE_IPAD = NO;
				SWIFT_VERSION = 6.0;
				TARGETED_DEVICE_FAMILY = "1,2";
			};
			name = Release;
		};
/* End XCBuildConfiguration section */

/* Begin XCConfigurationList section */
		A10000000000000000000070 /* Build configuration list for PBXProject "DaliCamera" */ = {
			isa = XCConfigurationList;
			buildConfigurations = (
				A10000000000000000000071 /* Debug */,
				A10000000000000000000072 /* Release */,
			);
			defaultConfigurationIsVisible = 0;
			defaultConfigurationName = Release;
		};
		A10000000000000000000080 /* Build configuration list for PBXNativeTarget "DaliCamera" */ = {
			isa = XCConfigurationList;
			buildConfigurations = (
				A10000000000000000000081 /* Debug */,
				A10000000000000000000082 /* Release */,
			);
			defaultConfigurationIsVisible = 0;
			defaultConfigurationName = Release;
		};
		A20000000000000000000080 /* Build configuration list for PBXNativeTarget "DaliCameraTests" */ = {
			isa = XCConfigurationList;
			buildConfigurations = (
				A20000000000000000000081 /* Debug */,
				A20000000000000000000082 /* Release */,
			);
			defaultConfigurationIsVisible = 0;
			defaultConfigurationName = Release;
		};
/* End XCConfigurationList section */
	};
	rootObject = A10000000000000000000060 /* Project object */;
}
